oss.ac/hidapp v0.1.3-0.20230609233037-38738eb3d98b h1:1O4GRm9QCYKbdxGLAAaMx4FBDZgoztmivI1C2sfMCDM=
oss.ac/hidapp v0.1.3-0.20230609233037-38738eb3d98b/go.mod h1:aEA2AJvZlNgCsSKFHHYw/J0mtQY5CvhwAJ0zYf/9cGA=
oss.ac/logc v0.1.1 h1:/j+BRoLhOpEIHL4QKnqUw6fZyp0u6e2HNDGFy5t/HTQ=
oss.ac/logc v0.1.1/go.mod h1:h6aq+XtrrCNfiPpjVFzwV0J237+MkCDzi6Ack7wV4ik=
